
Microsoft Visual Studio Solution File, Format Version 12.00
# Visual Studio Version 17
VisualStudioVersion = 17.12.35527.113
MinimumVisualStudioVersion = 10.0.40219.1
Project("{FAE04EC0-301F-11D3-BF4B-00C04F79EFBC}") = "CustomerManager", "CustomerManager\CustomerManager.csproj", "{9E7B8E4E-21E3-47DE-8508-6CAFAFD1957C}"
EndProject
Project("{FAE04EC0-301F-11D3-BF4B-00C04F79EFBC}") = "CustomerManager.Entities", "CustomerManager.Entities\CustomerManager.Entities.csproj", "{D62AC570-02C2-4D5E-919A-57BA360C5EBC}"
EndProject
Project("{FAE04EC0-301F-11D3-BF4B-00C04F79EFBC}") = "CustomerManager.DataAccess", "CustomerManager.DataAccess\CustomerManager.DataAccess.csproj", "{06BDF197-8494-4AA3-994A-D806ABE2B757}"
EndProject
Project("{FAE04EC0-301F-11D3-BF4B-00C04F79EFBC}") = "CustomerManager.Business", "CustomerManager.Business\CustomerManager.Business.csproj", "{ABC404B6-C140-4808-9A47-E9E25D28CB7E}"
EndProject
Global
	GlobalSection(SolutionConfigurationPlatforms) = preSolution
		Debug|Any CPU = Debug|Any CPU
		Release|Any CPU = Release|Any CPU
	EndGlobalSection
	GlobalSection(ProjectConfigurationPlatforms) = postSolution
		{9E7B8E4E-21E3-47DE-8508-6CAFAFD1957C}.Debug|Any CPU.ActiveCfg = Debug|Any CPU
		{9E7B8E4E-21E3-47DE-8508-6CAFAFD1957C}.Debug|Any CPU.Build.0 = Debug|Any CPU
		{9E7B8E4E-21E3-47DE-8508-6CAFAFD1957C}.Release|Any CPU.ActiveCfg = Release|Any CPU
		{9E7B8E4E-21E3-47DE-8508-6CAFAFD1957C}.Release|Any CPU.Build.0 = Release|Any CPU
		{D62AC570-02C2-4D5E-919A-57BA360C5EBC}.Debug|Any CPU.ActiveCfg = Debug|Any CPU
		{D62AC570-02C2-4D5E-919A-57BA360C5EBC}.Debug|Any CPU.Build.0 = Debug|Any CPU
		{D62AC570-02C2-4D5E-919A-57BA360C5EBC}.Release|Any CPU.ActiveCfg = Release|Any CPU
		{D62AC570-02C2-4D5E-919A-57BA360C5EBC}.Release|Any CPU.Build.0 = Release|Any CPU
		{06BDF197-8494-4AA3-994A-D806ABE2B757}.Debug|Any CPU.ActiveCfg = Debug|Any CPU
		{06BDF197-8494-4AA3-994A-D806ABE2B757}.Debug|Any CPU.Build.0 = Debug|Any CPU
		{06BDF197-8494-4AA3-994A-D806ABE2B757}.Release|Any CPU.ActiveCfg = Release|Any CPU
		{06BDF197-8494-4AA3-994A-D806ABE2B757}.Release|Any CPU.Build.0 = Release|Any CPU
		{ABC404B6-C140-4808-9A47-E9E25D28CB7E}.Debug|Any CPU.ActiveCfg = Debug|Any CPU
		{ABC404B6-C140-4808-9A47-E9E25D28CB7E}.Debug|Any CPU.Build.0 = Debug|Any CPU
		{ABC404B6-C140-4808-9A47-E9E25D28CB7E}.Release|Any CPU.ActiveCfg = Release|Any CPU
		{ABC404B6-C140-4808-9A47-E9E25D28CB7E}.Release|Any CPU.Build.0 = Release|Any CPU
	EndGlobalSection
	GlobalSection(SolutionProperties) = preSolution
		HideSolutionNode = FALSE
	EndGlobalSection
EndGlobal
